// !$*UTF8*$!
{
	archiveVersion = 1;
	classes = {
	};
	objectVersion = 56;
	objects = {

/* Begin PBXBuildFile section */
		F6173F892C79FF5C009CC377 /* QuestionsMarquee.swift in Sources */ = {isa = PBXBuildFile; fileRef = F6173F882C79FF5C009CC377 /* QuestionsMarquee.swift */; };
		F6173F8B2C7A021A009CC377 /* Color.swift in Sources */ = {isa = PBXBuildFile; fileRef = F6173F8A2C7A0215009CC377 /* Color.swift */; };
		F6173F8E2C7A100D009CC377 /* QuestionsMarqueeView.swift in Sources */ = {isa = PBXBuildFile; fileRef = F6173F8D2C7A100D009CC377 /* QuestionsMarqueeView.swift */; };
		F6173F952C7C9448009CC377 /* CountryDataExtractor.swift in Sources */ = {isa = PBXBuildFile; fileRef = F6173F942C7C9448009CC377 /* CountryDataExtractor.swift */; };
		F6173F982C7CCB55009CC377 /* OpenAIKit in Frameworks */ = {isa = PBXBuildFile; productRef = F6173F972C7CCB55009CC377 /* OpenAIKit */; };
		F6173F9A2C7CF12A009CC377 /* LoadingScreenView.xib in Resources */ = {isa = PBXBuildFile; fileRef = F6173F992C7CF12A009CC377 /* LoadingScreenView.xib */; };
		F6173F9C2C7CF14C009CC377 /* LoadingScreenView.swift in Sources */ = {isa = PBXBuildFile; fileRef = F6173F9B2C7CF14C009CC377 /* LoadingScreenView.swift */; };
		F6173F9E2C7E0BAC009CC377 /* WorldBankDataAPI.swift in Sources */ = {isa = PBXBuildFile; fileRef = F6173F9D2C7E0BAC009CC377 /* WorldBankDataAPI.swift */; };
		F61B642B2C544398007BFE68 /* AppDelegate.swift in Sources */ = {isa = PBXBuildFile; fileRef = F61B642A2C544398007BFE68 /* AppDelegate.swift */; };
		F61B642D2C544398007BFE68 /* SceneDelegate.swift in Sources */ = {isa = PBXBuildFile; fileRef = F61B642C2C544398007BFE68 /* SceneDelegate.swift */; };
		F61B642F2C544398007BFE68 /* ViewController.swift in Sources */ = {isa = PBXBuildFile; fileRef = F61B642E2C544398007BFE68 /* ViewController.swift */; };
		F61B64322C544398007BFE68 /* Main.storyboard in Resources */ = {isa = PBXBuildFile; fileRef = F61B64302C544398007BFE68 /* Main.storyboard */; };
		F61B64342C54439C007BFE68 /* Assets.xcassets in Resources */ = {isa = PBXBuildFile; fileRef = F61B64332C54439C007BFE68 /* Assets.xcassets */; };
		F61B64372C54439C007BFE68 /* LaunchScreen.storyboard in Resources */ = {isa = PBXBuildFile; fileRef = F61B64352C54439C007BFE68 /* LaunchScreen.storyboard */; };
		F61B64422C54439C007BFE68 /* NationDataTests.swift in Sources */ = {isa = PBXBuildFile; fileRef = F61B64412C54439C007BFE68 /* NationDataTests.swift */; };
		F61B644C2C54439C007BFE68 /* NationDataUITests.swift in Sources */ = {isa = PBXBuildFile; fileRef = F61B644B2C54439C007BFE68 /* NationDataUITests.swift */; };
		F61B644E2C54439C007BFE68 /* NationDataUITestsLaunchTests.swift in Sources */ = {isa = PBXBuildFile; fileRef = F61B644D2C54439C007BFE68 /* NationDataUITestsLaunchTests.swift */; };
		F6420A842C7899820052EA2D /* WelcomeScreenViewController.swift in Sources */ = {isa = PBXBuildFile; fileRef = F6420A832C7899820052EA2D /* WelcomeScreenViewController.swift */; };
		F6420A872C789A100052EA2D /* FirstWelcomeScreenView.swift in Sources */ = {isa = PBXBuildFile; fileRef = F6420A862C789A100052EA2D /* FirstWelcomeScreenView.swift */; };
		F6420A892C791ACA0052EA2D /* SecondWelcomeScreenView.swift in Sources */ = {isa = PBXBuildFile; fileRef = F6420A882C791ABF0052EA2D /* SecondWelcomeScreenView.swift */; };
		F6420A8B2C793CAF0052EA2D /* SecondWelcomeScreenView.xib in Resources */ = {isa = PBXBuildFile; fileRef = F6420A8A2C793CAF0052EA2D /* SecondWelcomeScreenView.xib */; };
		F652E3302C78926E0051D4A9 /* FirstWelcomeScreenView.xib in Resources */ = {isa = PBXBuildFile; fileRef = F652E32F2C78926E0051D4A9 /* FirstWelcomeScreenView.xib */; };
		F6ACA8C42C70E6C0004DDA86 /* Labrada-Thin.ttf in Resources */ = {isa = PBXBuildFile; fileRef = F6ACA8B22C70E6C0004DDA86 /* Labrada-Thin.ttf */; };
		F6ACA8C52C70E6C0004DDA86 /* Labrada-BoldItalic.ttf in Resources */ = {isa = PBXBuildFile; fileRef = F6ACA8B32C70E6C0004DDA86 /* Labrada-BoldItalic.ttf */; };
		F6ACA8C62C70E6C0004DDA86 /* Labrada-Black.ttf in Resources */ = {isa = PBXBuildFile; fileRef = F6ACA8B42C70E6C0004DDA86 /* Labrada-Black.ttf */; };
		F6ACA8C72C70E6C0004DDA86 /* Labrada-ThinItalic.ttf in Resources */ = {isa = PBXBuildFile; fileRef = F6ACA8B52C70E6C0004DDA86 /* Labrada-ThinItalic.ttf */; };
		F6ACA8C82C70E6C0004DDA86 /* Labrada-ExtraLight.ttf in Resources */ = {isa = PBXBuildFile; fileRef = F6ACA8B62C70E6C0004DDA86 /* Labrada-ExtraLight.ttf */; };
		F6ACA8C92C70E6C0004DDA86 /* Labrada-MediumItalic.ttf in Resources */ = {isa = PBXBuildFile; fileRef = F6ACA8B72C70E6C0004DDA86 /* Labrada-MediumItalic.ttf */; };
		F6ACA8CA2C70E6C0004DDA86 /* Labrada-SemiBoldItalic.ttf in Resources */ = {isa = PBXBuildFile; fileRef = F6ACA8B82C70E6C0004DDA86 /* Labrada-SemiBoldItalic.ttf */; };
		F6ACA8CB2C70E6C0004DDA86 /* Labrada-Italic.ttf in Resources */ = {isa = PBXBuildFile; fileRef = F6ACA8B92C70E6C0004DDA86 /* Labrada-Italic.ttf */; };
		F6ACA8CC2C70E6C0004DDA86 /* Labrada-Medium.ttf in Resources */ = {isa = PBXBuildFile; fileRef = F6ACA8BA2C70E6C0004DDA86 /* Labrada-Medium.ttf */; };
		F6ACA8CD2C70E6C0004DDA86 /* Labrada-SemiBold.ttf in Resources */ = {isa = PBXBuildFile; fileRef = F6ACA8BB2C70E6C0004DDA86 /* Labrada-SemiBold.ttf */; };
		F6ACA8CE2C70E6C0004DDA86 /* Labrada-Bold.ttf in Resources */ = {isa = PBXBuildFile; fileRef = F6ACA8BC2C70E6C0004DDA86 /* Labrada-Bold.ttf */; };
		F6ACA8CF2C70E6C0004DDA86 /* Labrada-Light.ttf in Resources */ = {isa = PBXBuildFile; fileRef = F6ACA8BD2C70E6C0004DDA86 /* Labrada-Light.ttf */; };
		F6ACA8D02C70E6C0004DDA86 /* Labrada-BlackItalic.ttf in Resources */ = {isa = PBXBuildFile; fileRef = F6ACA8BE2C70E6C0004DDA86 /* Labrada-BlackItalic.ttf */; };
		F6ACA8D12C70E6C0004DDA86 /* Labrada-ExtraLightItalic.ttf in Resources */ = {isa = PBXBuildFile; fileRef = F6ACA8BF2C70E6C0004DDA86 /* Labrada-ExtraLightItalic.ttf */; };
		F6ACA8D22C70E6C0004DDA86 /* Labrada-Regular.ttf in Resources */ = {isa = PBXBuildFile; fileRef = F6ACA8C02C70E6C0004DDA86 /* Labrada-Regular.ttf */; };
		F6ACA8D32C70E6C0004DDA86 /* Labrada-ExtraBold.ttf in Resources */ = {isa = PBXBuildFile; fileRef = F6ACA8C12C70E6C0004DDA86 /* Labrada-ExtraBold.ttf */; };
		F6ACA8D42C70E6C0004DDA86 /* Labrada-LightItalic.ttf in Resources */ = {isa = PBXBuildFile; fileRef = F6ACA8C22C70E6C0004DDA86 /* Labrada-LightItalic.ttf */; };
		F6ACA8D52C70E6C0004DDA86 /* Labrada-ExtraBoldItalic.ttf in Resources */ = {isa = PBXBuildFile; fileRef = F6ACA8C32C70E6C0004DDA86 /* Labrada-ExtraBoldItalic.ttf */; };
		F6B2CB022C5582CB0070FE72 /* Country.swift in Sources */ = {isa = PBXBuildFile; fileRef = F6B2CB012C5582CB0070FE72 /* Country.swift */; };
		F6B2CB042C5583040070FE72 /* AllCountryFetcher.swift in Sources */ = {isa = PBXBuildFile; fileRef = F6B2CB032C5583040070FE72 /* AllCountryFetcher.swift */; };
		F6B2CB072C56C0080070FE72 /* countries.json in Resources */ = {isa = PBXBuildFile; fileRef = F6B2CB062C56C0080070FE72 /* countries.json */; };
		F6C6F4AF2C57D8FA00C50746 /* UIImageView.swift in Sources */ = {isa = PBXBuildFile; fileRef = F6C6F4AE2C57D8FA00C50746 /* UIImageView.swift */; };
		F6C6F4B12C57E44D00C50746 /* SimilarColorFinder.swift in Sources */ = {isa = PBXBuildFile; fileRef = F6C6F4B02C57E44D00C50746 /* SimilarColorFinder.swift */; };
		F6C6F4BC2C5D274400C50746 /* Constants.swift in Sources */ = {isa = PBXBuildFile; fileRef = F6C6F4BB2C5D274400C50746 /* Constants.swift */; };
/* End PBXBuildFile section */

/* Begin PBXContainerItemProxy section */
		F61B643E2C54439C007BFE68 /* PBXContainerItemProxy */ = {
			isa = PBXContainerItemProxy;
			containerPortal = F61B641F2C544398007BFE68 /* Project object */;
			proxyType = 1;
			remoteGlobalIDString = F61B64262C544398007BFE68;
			remoteInfo = NationData;
		};
		F61B64482C54439C007BFE68 /* PBXContainerItemProxy */ = {
			isa = PBXContainerItemProxy;
			containerPortal = F61B641F2C544398007BFE68 /* Project object */;
			proxyType = 1;
			remoteGlobalIDString = F61B64262C544398007BFE68;
			remoteInfo = NationData;
		};
/* End PBXContainerItemProxy section */

/* Begin PBXFileReference section */
		F6173F882C79FF5C009CC377 /* QuestionsMarquee.swift */ = {isa = PBXFileReference; lastKnownFileType = sourcecode.swift; path = QuestionsMarquee.swift; sourceTree = "<group>"; };
		F6173F8A2C7A0215009CC377 /* Color.swift */ = {isa = PBXFileReference; lastKnownFileType = sourcecode.swift; path = Color.swift; sourceTree = "<group>"; };
		F6173F8D2C7A100D009CC377 /* QuestionsMarqueeView.swift */ = {isa = PBXFileReference; lastKnownFileType = sourcecode.swift; path = QuestionsMarqueeView.swift; sourceTree = "<group>"; };
		F6173F942C7C9448009CC377 /* CountryDataExtractor.swift */ = {isa = PBXFileReference; lastKnownFileType = sourcecode.swift; path = CountryDataExtractor.swift; sourceTree = "<group>"; };
		F6173F992C7CF12A009CC377 /* LoadingScreenView.xib */ = {isa = PBXFileReference; lastKnownFileType = file.xib; path = LoadingScreenView.xib; sourceTree = "<group>"; };
		F6173F9B2C7CF14C009CC377 /* LoadingScreenView.swift */ = {isa = PBXFileReference; lastKnownFileType = sourcecode.swift; path = LoadingScreenView.swift; sourceTree = "<group>"; };
		F6173F9D2C7E0BAC009CC377 /* WorldBankDataAPI.swift */ = {isa = PBXFileReference; lastKnownFileType = sourcecode.swift; path = WorldBankDataAPI.swift; sourceTree = "<group>"; };
		F61B64272C544398007BFE68 /* NationData.app */ = {isa = PBXFileReference; explicitFileType = wrapper.application; includeInIndex = 0; path = NationData.app; sourceTree = BUILT_PRODUCTS_DIR; };
		F61B642A2C544398007BFE68 /* AppDelegate.swift */ = {isa = PBXFileReference; lastKnownFileType = sourcecode.swift; path = AppDelegate.swift; sourceTree = "<group>"; };
		F61B642C2C544398007BFE68 /* SceneDelegate.swift */ = {isa = PBXFileReference; lastKnownFileType = sourcecode.swift; path = SceneDelegate.swift; sourceTree = "<group>"; };
		F61B642E2C544398007BFE68 /* ViewController.swift */ = {isa = PBXFileReference; lastKnownFileType = sourcecode.swift; path = ViewController.swift; sourceTree = "<group>"; };
		F61B64312C544398007BFE68 /* Base */ = {isa = PBXFileReference; lastKnownFileType = file.storyboard; name = Base; path = Base.lproj/Main.storyboard; sourceTree = "<group>"; };
		F61B64332C54439C007BFE68 /* Assets.xcassets */ = {isa = PBXFileReference; lastKnownFileType = folder.assetcatalog; path = Assets.xcassets; sourceTree = "<group>"; };
		F61B64362C54439C007BFE68 /* Base */ = {isa = PBXFileReference; lastKnownFileType = file.storyboard; name = Base; path = Base.lproj/LaunchScreen.storyboard; sourceTree = "<group>"; };
		F61B64382C54439C007BFE68 /* Info.plist */ = {isa = PBXFileReference; lastKnownFileType = text.plist.xml; path = Info.plist; sourceTree = "<group>"; };
		F61B643D2C54439C007BFE68 /* NationDataTests.xctest */ = {isa = PBXFileReference; explicitFileType = wrapper.cfbundle; includeInIndex = 0; path = NationDataTests.xctest; sourceTree = BUILT_PRODUCTS_DIR; };
		F61B64412C54439C007BFE68 /* NationDataTests.swift */ = {isa = PBXFileReference; lastKnownFileType = sourcecode.swift; path = NationDataTests.swift; sourceTree = "<group>"; };
		F61B64472C54439C007BFE68 /* NationDataUITests.xctest */ = {isa = PBXFileReference; explicitFileType = wrapper.cfbundle; includeInIndex = 0; path = NationDataUITests.xctest; sourceTree = BUILT_PRODUCTS_DIR; };
		F61B644B2C54439C007BFE68 /* NationDataUITests.swift */ = {isa = PBXFileReference; lastKnownFileType = sourcecode.swift; path = NationDataUITests.swift; sourceTree = "<group>"; };
		F61B644D2C54439C007BFE68 /* NationDataUITestsLaunchTests.swift */ = {isa = PBXFileReference; lastKnownFileType = sourcecode.swift; path = NationDataUITestsLaunchTests.swift; sourceTree = "<group>"; };
		F6420A832C7899820052EA2D /* WelcomeScreenViewController.swift */ = {isa = PBXFileReference; lastKnownFileType = sourcecode.swift; path = WelcomeScreenViewController.swift; sourceTree = "<group>"; };
		F6420A862C789A100052EA2D /* FirstWelcomeScreenView.swift */ = {isa = PBXFileReference; lastKnownFileType = sourcecode.swift; path = FirstWelcomeScreenView.swift; sourceTree = "<group>"; };
		F6420A882C791ABF0052EA2D /* SecondWelcomeScreenView.swift */ = {isa = PBXFileReference; lastKnownFileType = sourcecode.swift; path = SecondWelcomeScreenView.swift; sourceTree = "<group>"; };
		F6420A8A2C793CAF0052EA2D /* SecondWelcomeScreenView.xib */ = {isa = PBXFileReference; lastKnownFileType = file.xib; path = SecondWelcomeScreenView.xib; sourceTree = "<group>"; };
		F652E32F2C78926E0051D4A9 /* FirstWelcomeScreenView.xib */ = {isa = PBXFileReference; lastKnownFileType = file.xib; path = FirstWelcomeScreenView.xib; sourceTree = "<group>"; };
		F6ACA8B22C70E6C0004DDA86 /* Labrada-Thin.ttf */ = {isa = PBXFileReference; lastKnownFileType = file; path = "Labrada-Thin.ttf"; sourceTree = "<group>"; };
		F6ACA8B32C70E6C0004DDA86 /* Labrada-BoldItalic.ttf */ = {isa = PBXFileReference; lastKnownFileType = file; path = "Labrada-BoldItalic.ttf"; sourceTree = "<group>"; };
		F6ACA8B42C70E6C0004DDA86 /* Labrada-Black.ttf */ = {isa = PBXFileReference; lastKnownFileType = file; path = "Labrada-Black.ttf"; sourceTree = "<group>"; };
		F6ACA8B52C70E6C0004DDA86 /* Labrada-ThinItalic.ttf */ = {isa = PBXFileReference; lastKnownFileType = file; path = "Labrada-ThinItalic.ttf"; sourceTree = "<group>"; };
		F6ACA8B62C70E6C0004DDA86 /* Labrada-ExtraLight.ttf */ = {isa = PBXFileReference; lastKnownFileType = file; path = "Labrada-ExtraLight.ttf"; sourceTree = "<group>"; };
		F6ACA8B72C70E6C0004DDA86 /* Labrada-MediumItalic.ttf */ = {isa = PBXFileReference; lastKnownFileType = file; path = "Labrada-MediumItalic.ttf"; sourceTree = "<group>"; };
		F6ACA8B82C70E6C0004DDA86 /* Labrada-SemiBoldItalic.ttf */ = {isa = PBXFileReference; lastKnownFileType = file; path = "Labrada-SemiBoldItalic.ttf"; sourceTree = "<group>"; };
		F6ACA8B92C70E6C0004DDA86 /* Labrada-Italic.ttf */ = {isa = PBXFileReference; lastKnownFileType = file; path = "Labrada-Italic.ttf"; sourceTree = "<group>"; };
		F6ACA8BA2C70E6C0004DDA86 /* Labrada-Medium.ttf */ = {isa = PBXFileReference; lastKnownFileType = file; path = "Labrada-Medium.ttf"; sourceTree = "<group>"; };
		F6ACA8BB2C70E6C0004DDA86 /* Labrada-SemiBold.ttf */ = {isa = PBXFileReference; lastKnownFileType = file; path = "Labrada-SemiBold.ttf"; sourceTree = "<group>"; };
		F6ACA8BC2C70E6C0004DDA86 /* Labrada-Bold.ttf */ = {isa = PBXFileReference; lastKnownFileType = file; path = "Labrada-Bold.ttf"; sourceTree = "<group>"; };
		F6ACA8BD2C70E6C0004DDA86 /* Labrada-Light.ttf */ = {isa = PBXFileReference; lastKnownFileType = file; path = "Labrada-Light.ttf"; sourceTree = "<group>"; };
		F6ACA8BE2C70E6C0004DDA86 /* Labrada-BlackItalic.ttf */ = {isa = PBXFileReference; lastKnownFileType = file; path = "Labrada-BlackItalic.ttf"; sourceTree = "<group>"; };
		F6ACA8BF2C70E6C0004DDA86 /* Labrada-ExtraLightItalic.ttf */ = {isa = PBXFileReference; lastKnownFileType = file; path = "Labrada-ExtraLightItalic.ttf"; sourceTree = "<group>"; };
		F6ACA8C02C70E6C0004DDA86 /* Labrada-Regular.ttf */ = {isa = PBXFileReference; lastKnownFileType = file; path = "Labrada-Regular.ttf"; sourceTree = "<group>"; };
		F6ACA8C12C70E6C0004DDA86 /* Labrada-ExtraBold.ttf */ = {isa = PBXFileReference; lastKnownFileType = file; path = "Labrada-ExtraBold.ttf"; sourceTree = "<group>"; };
		F6ACA8C22C70E6C0004DDA86 /* Labrada-LightItalic.ttf */ = {isa = PBXFileReference; lastKnownFileType = file; path = "Labrada-LightItalic.ttf"; sourceTree = "<group>"; };
		F6ACA8C32C70E6C0004DDA86 /* Labrada-ExtraBoldItalic.ttf */ = {isa = PBXFileReference; lastKnownFileType = file; path = "Labrada-ExtraBoldItalic.ttf"; sourceTree = "<group>"; };
		F6B2CB012C5582CB0070FE72 /* Country.swift */ = {isa = PBXFileReference; lastKnownFileType = sourcecode.swift; path = Country.swift; sourceTree = "<group>"; };
		F6B2CB032C5583040070FE72 /* AllCountryFetcher.swift */ = {isa = PBXFileReference; lastKnownFileType = sourcecode.swift; path = AllCountryFetcher.swift; sourceTree = "<group>"; };
		F6B2CB062C56C0080070FE72 /* countries.json */ = {isa = PBXFileReference; lastKnownFileType = text.json; path = countries.json; sourceTree = "<group>"; };
		F6C6F4AE2C57D8FA00C50746 /* UIImageView.swift */ = {isa = PBXFileReference; lastKnownFileType = sourcecode.swift; path = UIImageView.swift; sourceTree = "<group>"; };
		F6C6F4B02C57E44D00C50746 /* SimilarColorFinder.swift */ = {isa = PBXFileReference; lastKnownFileType = sourcecode.swift; path = SimilarColorFinder.swift; sourceTree = "<group>"; };
		F6C6F4BB2C5D274400C50746 /* Constants.swift */ = {isa = PBXFileReference; lastKnownFileType = sourcecode.swift; path = Constants.swift; sourceTree = "<group>"; };
/* End PBXFileReference section */

/* Begin PBXFrameworksBuildPhase section */
		F61B64242C544398007BFE68 /* Frameworks */ = {
			isa = PBXFrameworksBuildPhase;
			buildActionMask = 2147483647;
			files = (
				F6173F982C7CCB55009CC377 /* OpenAIKit in Frameworks */,
			);
			runOnlyForDeploymentPostprocessing = 0;
		};
		F61B643A2C54439C007BFE68 /* Frameworks */ = {
			isa = PBXFrameworksBuildPhase;
			buildActionMask = 2147483647;
			files = (
			);
			runOnlyForDeploymentPostprocessing = 0;
		};
		F61B64442C54439C007BFE68 /* Frameworks */ = {
			isa = PBXFrameworksBuildPhase;
			buildActionMask = 2147483647;
			files = (
			);
			runOnlyForDeploymentPostprocessing = 0;
		};
/* End PBXFrameworksBuildPhase section */

/* Begin PBXGroup section */
		F6173F8C2C7A0FE4009CC377 /* QuestionsMarquee */ = {
			isa = PBXGroup;
			children = (
				F6173F882C79FF5C009CC377 /* QuestionsMarquee.swift */,
				F6173F8D2C7A100D009CC377 /* QuestionsMarqueeView.swift */,
			);
			path = QuestionsMarquee;
			sourceTree = "<group>";
		};
		F61B641E2C544398007BFE68 = {
			isa = PBXGroup;
			children = (
				F61B64292C544398007BFE68 /* NationData */,
				F61B64402C54439C007BFE68 /* NationDataTests */,
				F61B644A2C54439C007BFE68 /* NationDataUITests */,
				F61B64282C544398007BFE68 /* Products */,
			);
			sourceTree = "<group>";
		};
		F61B64282C544398007BFE68 /* Products */ = {
			isa = PBXGroup;
			children = (
				F61B64272C544398007BFE68 /* NationData.app */,
				F61B643D2C54439C007BFE68 /* NationDataTests.xctest */,
				F61B64472C54439C007BFE68 /* NationDataUITests.xctest */,
			);
			name = Products;
			sourceTree = "<group>";
		};
		F61B64292C544398007BFE68 /* NationData */ = {
			isa = PBXGroup;
			children = (
				F6ACA8AD2C70E56A004DDA86 /* fonts */,
				F6C6F4AD2C57D8EA00C50746 /* Extensions */,
				F6B2CB0B2C57965D0070FE72 /* Views */,
				F6B2CB082C56C0F20070FE72 /* ViewControllers */,
				F6B2CB052C56BFDC0070FE72 /* Resources */,
				F6B2CB002C5582B60070FE72 /* Models */,
				F61B642A2C544398007BFE68 /* AppDelegate.swift */,
				F61B642C2C544398007BFE68 /* SceneDelegate.swift */,
				F61B642E2C544398007BFE68 /* ViewController.swift */,
				F61B64302C544398007BFE68 /* Main.storyboard */,
				F61B64332C54439C007BFE68 /* Assets.xcassets */,
				F61B64352C54439C007BFE68 /* LaunchScreen.storyboard */,
				F61B64382C54439C007BFE68 /* Info.plist */,
			);
			path = NationData;
			sourceTree = "<group>";
		};
		F61B64402C54439C007BFE68 /* NationDataTests */ = {
			isa = PBXGroup;
			children = (
				F61B64412C54439C007BFE68 /* NationDataTests.swift */,
			);
			path = NationDataTests;
			sourceTree = "<group>";
		};
		F61B644A2C54439C007BFE68 /* NationDataUITests */ = {
			isa = PBXGroup;
			children = (
				F61B644B2C54439C007BFE68 /* NationDataUITests.swift */,
				F61B644D2C54439C007BFE68 /* NationDataUITestsLaunchTests.swift */,
			);
			path = NationDataUITests;
			sourceTree = "<group>";
		};
		F6ACA8AD2C70E56A004DDA86 /* fonts */ = {
			isa = PBXGroup;
			children = (
				F6ACA8B42C70E6C0004DDA86 /* Labrada-Black.ttf */,
				F6ACA8BE2C70E6C0004DDA86 /* Labrada-BlackItalic.ttf */,
				F6ACA8BC2C70E6C0004DDA86 /* Labrada-Bold.ttf */,
				F6ACA8B32C70E6C0004DDA86 /* Labrada-BoldItalic.ttf */,
				F6ACA8C12C70E6C0004DDA86 /* Labrada-ExtraBold.ttf */,
				F6ACA8C32C70E6C0004DDA86 /* Labrada-ExtraBoldItalic.ttf */,
				F6ACA8B62C70E6C0004DDA86 /* Labrada-ExtraLight.ttf */,
				F6ACA8BF2C70E6C0004DDA86 /* Labrada-ExtraLightItalic.ttf */,
				F6ACA8B92C70E6C0004DDA86 /* Labrada-Italic.ttf */,
				F6ACA8BD2C70E6C0004DDA86 /* Labrada-Light.ttf */,
				F6ACA8C22C70E6C0004DDA86 /* Labrada-LightItalic.ttf */,
				F6ACA8BA2C70E6C0004DDA86 /* Labrada-Medium.ttf */,
				F6ACA8B72C70E6C0004DDA86 /* Labrada-MediumItalic.ttf */,
				F6ACA8C02C70E6C0004DDA86 /* Labrada-Regular.ttf */,
				F6ACA8BB2C70E6C0004DDA86 /* Labrada-SemiBold.ttf */,
				F6ACA8B82C70E6C0004DDA86 /* Labrada-SemiBoldItalic.ttf */,
				F6ACA8B22C70E6C0004DDA86 /* Labrada-Thin.ttf */,
				F6ACA8B52C70E6C0004DDA86 /* Labrada-ThinItalic.ttf */,
			);
			path = fonts;
			sourceTree = "<group>";
		};
		F6B2CB002C5582B60070FE72 /* Models */ = {
			isa = PBXGroup;
			children = (
				F6173F942C7C9448009CC377 /* CountryDataExtractor.swift */,
				F6173F9D2C7E0BAC009CC377 /* WorldBankDataAPI.swift */,
				F6B2CB012C5582CB0070FE72 /* Country.swift */,
				F6B2CB032C5583040070FE72 /* AllCountryFetcher.swift */,
				F6C6F4BB2C5D274400C50746 /* Constants.swift */,
			);
			path = Models;
			sourceTree = "<group>";
		};
		F6B2CB052C56BFDC0070FE72 /* Resources */ = {
			isa = PBXGroup;
			children = (
				F6B2CB062C56C0080070FE72 /* countries.json */,
				F6C6F4B02C57E44D00C50746 /* SimilarColorFinder.swift */,
			);
			path = Resources;
			sourceTree = "<group>";
		};
		F6B2CB082C56C0F20070FE72 /* ViewControllers */ = {
			isa = PBXGroup;
			children = (
				F6420A832C7899820052EA2D /* WelcomeScreenViewController.swift */,
			);
			path = ViewControllers;
			sourceTree = "<group>";
		};
		F6B2CB0B2C57965D0070FE72 /* Views */ = {
			isa = PBXGroup;
			children = (
				F6173F8C2C7A0FE4009CC377 /* QuestionsMarquee */,
				F6420A882C791ABF0052EA2D /* SecondWelcomeScreenView.swift */,
				F652E32F2C78926E0051D4A9 /* FirstWelcomeScreenView.xib */,
				F6420A8A2C793CAF0052EA2D /* SecondWelcomeScreenView.xib */,
				F6420A862C789A100052EA2D /* FirstWelcomeScreenView.swift */,
				F6173F992C7CF12A009CC377 /* LoadingScreenView.xib */,
				F6173F9B2C7CF14C009CC377 /* LoadingScreenView.swift */,
			);
			path = Views;
			sourceTree = "<group>";
		};
		F6C6F4AD2C57D8EA00C50746 /* Extensions */ = {
			isa = PBXGroup;
			children = (
				F6173F8A2C7A0215009CC377 /* Color.swift */,
				F6C6F4AE2C57D8FA00C50746 /* UIImageView.swift */,
			);
			path = Extensions;
			sourceTree = "<group>";
		};
/* End PBXGroup section */

/* Begin PBXNativeTarget section */
		F61B64262C544398007BFE68 /* NationData */ = {
			isa = PBXNativeTarget;
			buildConfigurationList = F61B64512C54439C007BFE68 /* Build configuration list for PBXNativeTarget "NationData" */;
			buildPhases = (
				F61B64232C544398007BFE68 /* Sources */,
				F61B64242C544398007BFE68 /* Frameworks */,
				F61B64252C544398007BFE68 /* Resources */,
			);
			buildRules = (
			);
			dependencies = (
			);
			name = NationData;
			packageProductDependencies = (
				F6173F972C7CCB55009CC377 /* OpenAIKit */,
			);
			productName = NationData;
			productReference = F61B64272C544398007BFE68 /* NationData.app */;
			productType = "com.apple.product-type.application";
		};
		F61B643C2C54439C007BFE68 /* NationDataTests */ = {
			isa = PBXNativeTarget;
			buildConfigurationList = F61B64542C54439C007BFE68 /* Build configuration list for PBXNativeTarget "NationDataTests" */;
			buildPhases = (
				F61B64392C54439C007BFE68 /* Sources */,
				F61B643A2C54439C007BFE68 /* Frameworks */,
				F61B643B2C54439C007BFE68 /* Resources */,
			);
			buildRules = (
			);
			dependencies = (
				F61B643F2C54439C007BFE68 /* PBXTargetDependency */,
			);
			name = NationDataTests;
			productName = NationDataTests;
			productReference = F61B643D2C54439C007BFE68 /* NationDataTests.xctest */;
			productType = "com.apple.product-type.bundle.unit-test";
		};
		F61B64462C54439C007BFE68 /* NationDataUITests */ = {
			isa = PBXNativeTarget;
			buildConfigurationList = F61B64572C54439C007BFE68 /* Build configuration list for PBXNativeTarget "NationDataUITests" */;
			buildPhases = (
				F61B64432C54439C007BFE68 /* Sources */,
				F61B64442C54439C007BFE68 /* Frameworks */,
				F61B64452C54439C007BFE68 /* Resources */,
			);
			buildRules = (
			);
			dependencies = (
				F61B64492C54439C007BFE68 /* PBXTargetDependency */,
			);
			name = NationDataUITests;
			productName = NationDataUITests;
			productReference = F61B64472C54439C007BFE68 /* NationDataUITests.xctest */;
			productType = "com.apple.product-type.bundle.ui-testing";
		};
/* End PBXNativeTarget section */

/* Begin PBXProject section */
		F61B641F2C544398007BFE68 /* Project object */ = {
			isa = PBXProject;
			attributes = {
				BuildIndependentTargetsInParallel = 1;
				LastSwiftUpdateCheck = 1500;
				LastUpgradeCheck = 1500;
				TargetAttributes = {
					F61B64262C544398007BFE68 = {
						CreatedOnToolsVersion = 15.0;
					};
					F61B643C2C54439C007BFE68 = {
						CreatedOnToolsVersion = 15.0;
						TestTargetID = F61B64262C544398007BFE68;
					};
					F61B64462C54439C007BFE68 = {
						CreatedOnToolsVersion = 15.0;
						TestTargetID = F61B64262C544398007BFE68;
					};
				};
			};
			buildConfigurationList = F61B64222C544398007BFE68 /* Build configuration list for PBXProject "NationData" */;
			compatibilityVersion = "Xcode 14.0";
			developmentRegion = en;
			hasScannedForEncodings = 0;
			knownRegions = (
				en,
				Base,
			);
			mainGroup = F61B641E2C544398007BFE68;
			packageReferences = (
				F6173F962C7CCB55009CC377 /* XCRemoteSwiftPackageReference "OpenAIKit" */,
			);
			productRefGroup = F61B64282C544398007BFE68 /* Products */;
			projectDirPath = "";
			projectRoot = "";
			targets = (
				F61B64262C544398007BFE68 /* NationData */,
				F61B643C2C54439C007BFE68 /* NationDataTests */,
				F61B64462C54439C007BFE68 /* NationDataUITests */,
			);
		};
/* End PBXProject section */

/* Begin PBXResourcesBuildPhase section */
		F61B64252C544398007BFE68 /* Resources */ = {
			isa = PBXResourcesBuildPhase;
			buildActionMask = 2147483647;
			files = (
				F6ACA8CC2C70E6C0004DDA86 /* Labrada-Medium.ttf in Resources */,
				F6ACA8CD2C70E6C0004DDA86 /* Labrada-SemiBold.ttf in Resources */,
				F6ACA8D12C70E6C0004DDA86 /* Labrada-ExtraLightItalic.ttf in Resources */,
				F6ACA8D42C70E6C0004DDA86 /* Labrada-LightItalic.ttf in Resources */,
				F6ACA8D52C70E6C0004DDA86 /* Labrada-ExtraBoldItalic.ttf in Resources */,
				F6ACA8D02C70E6C0004DDA86 /* Labrada-BlackItalic.ttf in Resources */,
				F6173F9A2C7CF12A009CC377 /* LoadingScreenView.xib in Resources */,
				F6ACA8D22C70E6C0004DDA86 /* Labrada-Regular.ttf in Resources */,
				F61B64372C54439C007BFE68 /* LaunchScreen.storyboard in Resources */,
				F61B64342C54439C007BFE68 /* Assets.xcassets in Resources */,
				F6ACA8C82C70E6C0004DDA86 /* Labrada-ExtraLight.ttf in Resources */,
				F6ACA8C62C70E6C0004DDA86 /* Labrada-Black.ttf in Resources */,
				F6ACA8CB2C70E6C0004DDA86 /* Labrada-Italic.ttf in Resources */,
				F6ACA8C42C70E6C0004DDA86 /* Labrada-Thin.ttf in Resources */,
				F6B2CB072C56C0080070FE72 /* countries.json in Resources */,
				F6ACA8CF2C70E6C0004DDA86 /* Labrada-Light.ttf in Resources */,
				F61B64322C544398007BFE68 /* Main.storyboard in Resources */,
				F6ACA8D32C70E6C0004DDA86 /* Labrada-ExtraBold.ttf in Resources */,
				F6ACA8CE2C70E6C0004DDA86 /* Labrada-Bold.ttf in Resources */,
				F652E3302C78926E0051D4A9 /* FirstWelcomeScreenView.xib in Resources */,
				F6ACA8CA2C70E6C0004DDA86 /* Labrada-SemiBoldItalic.ttf in Resources */,
				F6ACA8C52C70E6C0004DDA86 /* Labrada-BoldItalic.ttf in Resources */,
				F6ACA8C72C70E6C0004DDA86 /* Labrada-ThinItalic.ttf in Resources */,
				F6ACA8C92C70E6C0004DDA86 /* Labrada-MediumItalic.ttf in Resources */,
				F6420A8B2C793CAF0052EA2D /* SecondWelcomeScreenView.xib in Resources */,
			);
			runOnlyForDeploymentPostprocessing = 0;
		};
		F61B643B2C54439C007BFE68 /* Resources */ = {
			isa = PBXResourcesBuildPhase;
			buildActionMask = 2147483647;
			files = (
			);
			runOnlyForDeploymentPostprocessing = 0;
		};
		F61B64452C54439C007BFE68 /* Resources */ = {
			isa = PBXResourcesBuildPhase;
			buildActionMask = 2147483647;
			files = (
			);
			runOnlyForDeploymentPostprocessing = 0;
		};
/* End PBXResourcesBuildPhase section */

/* Begin PBXSourcesBuildPhase section */
		F61B64232C544398007BFE68 /* Sources */ = {
			isa = PBXSourcesBuildPhase;
			buildActionMask = 2147483647;
			files = (
				F6C6F4AF2C57D8FA00C50746 /* UIImageView.swift in Sources */,
				F6B2CB022C5582CB0070FE72 /* Country.swift in Sources */,
				F6B2CB042C5583040070FE72 /* AllCountryFetcher.swift in Sources */,
				F61B642F2C544398007BFE68 /* ViewController.swift in Sources */,
				F6173F8B2C7A021A009CC377 /* Color.swift in Sources */,
				F6173F952C7C9448009CC377 /* CountryDataExtractor.swift in Sources */,
				F6173F892C79FF5C009CC377 /* QuestionsMarquee.swift in Sources */,
				F6420A842C7899820052EA2D /* WelcomeScreenViewController.swift in Sources */,
				F6420A872C789A100052EA2D /* FirstWelcomeScreenView.swift in Sources */,
				F6173F9E2C7E0BAC009CC377 /* WorldBankDataAPI.swift in Sources */,
				F6C6F4B12C57E44D00C50746 /* SimilarColorFinder.swift in Sources */,
				F6C6F4BC2C5D274400C50746 /* Constants.swift in Sources */,
				F6173F9C2C7CF14C009CC377 /* LoadingScreenView.swift in Sources */,
				F61B642B2C544398007BFE68 /* AppDelegate.swift in Sources */,
				F6420A892C791ACA0052EA2D /* SecondWelcomeScreenView.swift in Sources */,
				F61B642D2C544398007BFE68 /* SceneDelegate.swift in Sources */,
				F6173F8E2C7A100D009CC377 /* QuestionsMarqueeView.swift in Sources */,
			);
			runOnlyForDeploymentPostprocessing = 0;
		};
		F61B64392C54439C007BFE68 /* Sources */ = {
			isa = PBXSourcesBuildPhase;
			buildActionMask = 2147483647;
			files = (
				F61B64422C54439C007BFE68 /* NationDataTests.swift in Sources */,
			);
			runOnlyForDeploymentPostprocessing = 0;
		};
		F61B64432C54439C007BFE68 /* Sources */ = {
			isa = PBXSourcesBuildPhase;
			buildActionMask = 2147483647;
			files = (
				F61B644C2C54439C007BFE68 /* NationDataUITests.swift in Sources */,
				F61B644E2C54439C007BFE68 /* NationDataUITestsLaunchTests.swift in Sources */,
			);
			runOnlyForDeploymentPostprocessing = 0;
		};
/* End PBXSourcesBuildPhase section */

/* Begin PBXTargetDependency section */
		F61B643F2C54439C007BFE68 /* PBXTargetDependency */ = {
			isa = PBXTargetDependency;
			target = F61B64262C544398007BFE68 /* NationData */;
			targetProxy = F61B643E2C54439C007BFE68 /* PBXContainerItemProxy */;
		};
		F61B64492C54439C007BFE68 /* PBXTargetDependency */ = {
			isa = PBXTargetDependency;
			target = F61B64262C544398007BFE68 /* NationData */;
			targetProxy = F61B64482C54439C007BFE68 /* PBXContainerItemProxy */;
		};
/* End PBXTargetDependency section */

/* Begin PBXVariantGroup section */
		F61B64302C544398007BFE68 /* Main.storyboard */ = {
			isa = PBXVariantGroup;
			children = (
				F61B64312C544398007BFE68 /* Base */,
			);
			name = Main.storyboard;
			sourceTree = "<group>";
		};
		F61B64352C54439C007BFE68 /* LaunchScreen.storyboard */ = {
			isa = PBXVariantGroup;
			children = (
				F61B64362C54439C007BFE68 /* Base */,
			);
			name = LaunchScreen.storyboard;
			sourceTree = "<group>";
		};
/* End PBXVariantGroup section */

/* Begin XCBuildConfiguration section */
		F61B644F2C54439C007BFE68 /* Debug */ = {
			isa = XCBuildConfiguration;
			buildSettings = {
				ALWAYS_SEARCH_USER_PATHS = NO;
				ASSETCATALOG_COMPILER_GENERATE_SWIFT_ASSET_SYMBOL_EXTENSIONS = YES;
				CLANG_ANALYZER_NONNULL = YES;
				CLANG_ANALYZER_NUMBER_OBJECT_CONVERSION = YES_AGGRESSIVE;
				CLANG_CXX_LANGUAGE_STANDARD = "gnu++20";
				CLANG_ENABLE_MODULES = YES;
				CLANG_ENABLE_OBJC_ARC = YES;
				CLANG_ENABLE_OBJC_WEAK = YES;
				CLANG_WARN_BLOCK_CAPTURE_AUTORELEASING = YES;
				CLANG_WARN_BOOL_CONVERSION = YES;
				CLANG_WARN_COMMA = YES;
				CLANG_WARN_CONSTANT_CONVERSION = YES;
				CLANG_WARN_DEPRECATED_OBJC_IMPLEMENTATIONS = YES;
				CLANG_WARN_DIRECT_OBJC_ISA_USAGE = YES_ERROR;
				CLANG_WARN_DOCUMENTATION_COMMENTS = YES;
				CLANG_WARN_EMPTY_BODY = YES;
				CLANG_WARN_ENUM_CONVERSION = YES;
				CLANG_WARN_INFINITE_RECURSION = YES;
				CLANG_WARN_INT_CONVERSION = YES;
				CLANG_WARN_NON_LITERAL_NULL_CONVERSION = YES;
				CLANG_WARN_OBJC_IMPLICIT_RETAIN_SELF = YES;
				CLANG_WARN_OBJC_LITERAL_CONVERSION = YES;
				CLANG_WARN_OBJC_ROOT_CLASS = YES_ERROR;
				CLANG_WARN_QUOTED_INCLUDE_IN_FRAMEWORK_HEADER = YES;
				CLANG_WARN_RANGE_LOOP_ANALYSIS = YES;
				CLANG_WARN_STRICT_PROTOTYPES = YES;
				CLANG_WARN_SUSPICIOUS_MOVE = YES;
				CLANG_WARN_UNGUARDED_AVAILABILITY = YES_AGGRESSIVE;
				CLANG_WARN_UNREACHABLE_CODE = YES;
				CLANG_WARN__DUPLICATE_METHOD_MATCH = YES;
				COPY_PHASE_STRIP = NO;
				DEBUG_INFORMATION_FORMAT = dwarf;
				ENABLE_STRICT_OBJC_MSGSEND = YES;
				ENABLE_TESTABILITY = YES;
				ENABLE_USER_SCRIPT_SANDBOXING = YES;
				GCC_C_LANGUAGE_STANDARD = gnu17;
				GCC_DYNAMIC_NO_PIC = NO;
				GCC_NO_COMMON_BLOCKS = YES;
				GCC_OPTIMIZATION_LEVEL = 0;
				GCC_PREPROCESSOR_DEFINITIONS = (
					"DEBUG=1",
					"$(inherited)",
				);
				GCC_WARN_64_TO_32_BIT_CONVERSION = YES;
				GCC_WARN_ABOUT_RETURN_TYPE = YES_ERROR;
				GCC_WARN_UNDECLARED_SELECTOR = YES;
				GCC_WARN_UNINITIALIZED_AUTOS = YES_AGGRESSIVE;
				GCC_WARN_UNUSED_FUNCTION = YES;
				GCC_WARN_UNUSED_VARIABLE = YES;
				IPHONEOS_DEPLOYMENT_TARGET = 17.0;
				LOCALIZATION_PREFERS_STRING_CATALOGS = YES;
				MTL_ENABLE_DEBUG_INFO = INCLUDE_SOURCE;
				MTL_FAST_MATH = YES;
				ONLY_ACTIVE_ARCH = YES;
				SDKROOT = iphoneos;
				SWIFT_ACTIVE_COMPILATION_CONDITIONS = "DEBUG $(inherited)";
				SWIFT_OPTIMIZATION_LEVEL = "-Onone";
			};
			name = Debug;
		};
		F61B64502C54439C007BFE68 /* Release */ = {
			isa = XCBuildConfiguration;
			buildSettings = {
				ALWAYS_SEARCH_USER_PATHS = NO;
				ASSETCATALOG_COMPILER_GENERATE_SWIFT_ASSET_SYMBOL_EXTENSIONS = YES;
				CLANG_ANALYZER_NONNULL = YES;
				CLANG_ANALYZER_NUMBER_OBJECT_CONVERSION = YES_AGGRESSIVE;
				CLANG_CXX_LANGUAGE_STANDARD = "gnu++20";
				CLANG_ENABLE_MODULES = YES;
				CLANG_ENABLE_OBJC_ARC = YES;
				CLANG_ENABLE_OBJC_WEAK = YES;
				CLANG_WARN_BLOCK_CAPTURE_AUTORELEASING = YES;
				CLANG_WARN_BOOL_CONVERSION = YES;
				CLANG_WARN_COMMA = YES;
				CLANG_WARN_CONSTANT_CONVERSION = YES;
				CLANG_WARN_DEPRECATED_OBJC_IMPLEMENTATIONS = YES;
				CLANG_WARN_DIRECT_OBJC_ISA_USAGE = YES_ERROR;
				CLANG_WARN_DOCUMENTATION_COMMENTS = YES;
				CLANG_WARN_EMPTY_BODY = YES;
				CLANG_WARN_ENUM_CONVERSION = YES;
				CLANG_WARN_INFINITE_RECURSION = YES;
				CLANG_WARN_INT_CONVERSION = YES;
				CLANG_WARN_NON_LITERAL_NULL_CONVERSION = YES;
				CLANG_WARN_OBJC_IMPLICIT_RETAIN_SELF = YES;
				CLANG_WARN_OBJC_LITERAL_CONVERSION = YES;
				CLANG_WARN_OBJC_ROOT_CLASS = YES_ERROR;
				CLANG_WARN_QUOTED_INCLUDE_IN_FRAMEWORK_HEADER = YES;
				CLANG_WARN_RANGE_LOOP_ANALYSIS = YES;
				CLANG_WARN_STRICT_PROTOTYPES = YES;
				CLANG_WARN_SUSPICIOUS_MOVE = YES;
				CLANG_WARN_UNGUARDED_AVAILABILITY = YES_AGGRESSIVE;
				CLANG_WARN_UNREACHABLE_CODE = YES;
				CLANG_WARN__DUPLICATE_METHOD_MATCH = YES;
				COPY_PHASE_STRIP = NO;
				DEBUG_INFORMATION_FORMAT = "dwarf-with-dsym";
				ENABLE_NS_ASSERTIONS = NO;
				ENABLE_STRICT_OBJC_MSGSEND = YES;
				ENABLE_USER_SCRIPT_SANDBOXING = YES;
				GCC_C_LANGUAGE_STANDARD = gnu17;
				GCC_NO_COMMON_BLOCKS = YES;
				GCC_WARN_64_TO_32_BIT_CONVERSION = YES;
				GCC_WARN_ABOUT_RETURN_TYPE = YES_ERROR;
				GCC_WARN_UNDECLARED_SELECTOR = YES;
				GCC_WARN_UNINITIALIZED_AUTOS = YES_AGGRESSIVE;
				GCC_WARN_UNUSED_FUNCTION = YES;
				GCC_WARN_UNUSED_VARIABLE = YES;
				IPHONEOS_DEPLOYMENT_TARGET = 17.0;
				LOCALIZATION_PREFERS_STRING_CATALOGS = YES;
				MTL_ENABLE_DEBUG_INFO = NO;
				MTL_FAST_MATH = YES;
				SDKROOT = iphoneos;
				SWIFT_COMPILATION_MODE = wholemodule;
				VALIDATE_PRODUCT = YES;
			};
			name = Release;
		};
		F61B64522C54439C007BFE68 /* Debug */ = {
			isa = XCBuildConfiguration;
			buildSettings = {
				ALLOW_TARGET_PLATFORM_SPECIALIZATION = YES;
				"ARCHS[sdk=iphonesimulator*]" = "$(ARCHS_STANDARD)";
				ASSETCATALOG_COMPILER_APPICON_NAME = AppIcon;
				ASSETCATALOG_COMPILER_GLOBAL_ACCENT_COLOR_NAME = AccentColor;
				CODE_SIGN_STYLE = Automatic;
				CURRENT_PROJECT_VERSION = 1;
				DEVELOPMENT_TEAM = DJC6U9UU84;
				GENERATE_INFOPLIST_FILE = YES;
				INFOPLIST_FILE = NationData/Info.plist;
				INFOPLIST_KEY_UIApplicationSupportsIndirectInputEvents = YES;
				INFOPLIST_KEY_UILaunchStoryboardName = LaunchScreen;
				INFOPLIST_KEY_UIMainStoryboardFile = Main;
				INFOPLIST_KEY_UISupportedInterfaceOrientations_iPad = "UIInterfaceOrientationPortrait UIInterfaceOrientationPortraitUpsideDown UIInterfaceOrientationLandscapeLeft UIInterfaceOrientationLandscapeRight";
				INFOPLIST_KEY_UISupportedInterfaceOrientations_iPhone = "UIInterfaceOrientationPortrait UIInterfaceOrientationLandscapeLeft UIInterfaceOrientationLandscapeRight";
				LD_RUNPATH_SEARCH_PATHS = (
					"$(inherited)",
					"@executable_path/Frameworks",
				);
				MARKETING_VERSION = 1.0;
				ONLY_ACTIVE_ARCH = YES;
				PRODUCT_BUNDLE_IDENTIFIER = com.ineg.NationData;
				PRODUCT_NAME = "$(TARGET_NAME)";
				SUPPORTED_PLATFORMS = "xrsimulator xros watchsimulator watchos macosx iphonesimulator iphoneos driverkit appletvsimulator appletvos";
				SUPPORTS_MACCATALYST = YES;
				SWIFT_EMIT_LOC_STRINGS = YES;
				SWIFT_VERSION = 5.0;
				TARGETED_DEVICE_FAMILY = "1,2";
			};
			name = Debug;
		};
		F61B64532C54439C007BFE68 /* Release */ = {
			isa = XCBuildConfiguration;
			buildSettings = {
				ASSETCATALOG_COMPILER_APPICON_NAME = AppIcon;
				ASSETCATALOG_COMPILER_GLOBAL_ACCENT_COLOR_NAME = AccentColor;
				CODE_SIGN_STYLE = Automatic;
				CURRENT_PROJECT_VERSION = 1;
				DEVELOPMENT_TEAM = DJC6U9UU84;
				GENERATE_INFOPLIST_FILE = YES;
				INFOPLIST_FILE = NationData/Info.plist;
				INFOPLIST_KEY_UIApplicationSupportsIndirectInputEvents = YES;
				INFOPLIST_KEY_UILaunchStoryboardName = LaunchScreen;
				INFOPLIST_KEY_UIMainStoryboardFile = Main;
				INFOPLIST_KEY_UISupportedInterfaceOrientations_iPad = "UIInterfaceOrientationPortrait UIInterfaceOrientationPortraitUpsideDown UIInterfaceOrientationLandscapeLeft UIInterfaceOrientationLandscapeRight";
				INFOPLIST_KEY_UISupportedInterfaceOrientations_iPhone = "UIInterfaceOrientationPortrait UIInterfaceOrientationLandscapeLeft UIInterfaceOrientationLandscapeRight";
				LD_RUNPATH_SEARCH_PATHS = (
					"$(inherited)",
					"@executable_path/Frameworks",
				);
				MARKETING_VERSION = 1.0;
				ONLY_ACTIVE_ARCH = YES;
				PRODUCT_BUNDLE_IDENTIFIER = com.ineg.NationData;
				PRODUCT_NAME = "$(TARGET_NAME)";
				SWIFT_EMIT_LOC_STRINGS = YES;
				SWIFT_VERSION = 5.0;
				TARGETED_DEVICE_FAMILY = "1,2";
			};
			name = Release;
		};
		F61B64552C54439C007BFE68 /* Debug */ = {
			isa = XCBuildConfiguration;
			buildSettings = {
				ALWAYS_EMBED_SWIFT_STANDARD_LIBRARIES = YES;
				BUNDLE_LOADER = "$(TEST_HOST)";
				CODE_SIGN_STYLE = Automatic;
				CURRENT_PROJECT_VERSION = 1;
				DEVELOPMENT_TEAM = DJC6U9UU84;
				GENERATE_INFOPLIST_FILE = YES;
				IPHONEOS_DEPLOYMENT_TARGET = 17.0;
				MARKETING_VERSION = 1.0;
				PRODUCT_BUNDLE_IDENTIFIER = com.ineg.NationDataTests;
				PRODUCT_NAME = "$(TARGET_NAME)";
				SWIFT_EMIT_LOC_STRINGS = NO;
				SWIFT_VERSION = 5.0;
				TARGETED_DEVICE_FAMILY = "1,2";
				TEST_HOST = "$(BUILT_PRODUCTS_DIR)/NationData.app/$(BUNDLE_EXECUTABLE_FOLDER_PATH)/NationData";
			};
			name = Debug;
		};
		F61B64562C54439C007BFE68 /* Release */ = {
			isa = XCBuildConfiguration;
			buildSettings = {
				ALWAYS_EMBED_SWIFT_STANDARD_LIBRARIES = YES;
				BUNDLE_LOADER = "$(TEST_HOST)";
				CODE_SIGN_STYLE = Automatic;
				CURRENT_PROJECT_VERSION = 1;
				DEVELOPMENT_TEAM = DJC6U9UU84;
				GENERATE_INFOPLIST_FILE = YES;
				IPHONEOS_DEPLOYMENT_TARGET = 17.0;
				MARKETING_VERSION = 1.0;
				PRODUCT_BUNDLE_IDENTIFIER = com.ineg.NationDataTests;
				PRODUCT_NAME = "$(TARGET_NAME)";
				SWIFT_EMIT_LOC_STRINGS = NO;
				SWIFT_VERSION = 5.0;
				TARGETED_DEVICE_FAMILY = "1,2";
				TEST_HOST = "$(BUILT_PRODUCTS_DIR)/NationData.app/$(BUNDLE_EXECUTABLE_FOLDER_PATH)/NationData";
			};
			name = Release;
		};
		F61B64582C54439C007BFE68 /* Debug */ = {
			isa = XCBuildConfiguration;
			buildSettings = {
				ALWAYS_EMBED_SWIFT_STANDARD_LIBRARIES = YES;
				CODE_SIGN_STYLE = Automatic;
				CURRENT_PROJECT_VERSION = 1;
				DEVELOPMENT_TEAM = DJC6U9UU84;
				GENERATE_INFOPLIST_FILE = YES;
				MARKETING_VERSION = 1.0;
				PRODUCT_BUNDLE_IDENTIFIER = com.ineg.NationDataUITests;
				PRODUCT_NAME = "$(TARGET_NAME)";
				SWIFT_EMIT_LOC_STRINGS = NO;
				SWIFT_VERSION = 5.0;
				TARGETED_DEVICE_FAMILY = "1,2";
				TEST_TARGET_NAME = NationData;
			};
			name = Debug;
		};
		F61B64592C54439C007BFE68 /* Release */ = {
			isa = XCBuildConfiguration;
			buildSettings = {
				ALWAYS_EMBED_SWIFT_STANDARD_LIBRARIES = YES;
				CODE_SIGN_STYLE = Automatic;
				CURRENT_PROJECT_VERSION = 1;
				DEVELOPMENT_TEAM = DJC6U9UU84;
				GENERATE_INFOPLIST_FILE = YES;
				MARKETING_VERSION = 1.0;
				PRODUCT_BUNDLE_IDENTIFIER = com.ineg.NationDataUITests;
				PRODUCT_NAME = "$(TARGET_NAME)";
				SWIFT_EMIT_LOC_STRINGS = NO;
				SWIFT_VERSION = 5.0;
				TARGETED_DEVICE_FAMILY = "1,2";
				TEST_TARGET_NAME = NationData;
			};
			name = Release;
		};
/* End XCBuildConfiguration section */

/* Begin XCConfigurationList section */
		F61B64222C544398007BFE68 /* Build configuration list for PBXProject "NationData" */ = {
			isa = XCConfigurationList;
			buildConfigurations = (
				F61B644F2C54439C007BFE68 /* Debug */,
				F61B64502C54439C007BFE68 /* Release */,
			);
			defaultConfigurationIsVisible = 0;
			defaultConfigurationName = Release;
		};
		F61B64512C54439C007BFE68 /* Build configuration list for PBXNativeTarget "NationData" */ = {
			isa = XCConfigurationList;
			buildConfigurations = (
				F61B64522C54439C007BFE68 /* Debug */,
				F61B64532C54439C007BFE68 /* Release */,
			);
			defaultConfigurationIsVisible = 0;
			defaultConfigurationName = Release;
		};
		F61B64542C54439C007BFE68 /* Build configuration list for PBXNativeTarget "NationDataTests" */ = {
			isa = XCConfigurationList;
			buildConfigurations = (
				F61B64552C54439C007BFE68 /* Debug */,
				F61B64562C54439C007BFE68 /* Release */,
			);
			defaultConfigurationIsVisible = 0;
			defaultConfigurationName = Release;
		};
		F61B64572C54439C007BFE68 /* Build configuration list for PBXNativeTarget "NationDataUITests" */ = {
			isa = XCConfigurationList;
			buildConfigurations = (
				F61B64582C54439C007BFE68 /* Debug */,
				F61B64592C54439C007BFE68 /* Release */,
			);
			defaultConfigurationIsVisible = 0;
			defaultConfigurationName = Release;
		};
/* End XCConfigurationList section */

/* Begin XCRemoteSwiftPackageReference section */
		F6173F962C7CCB55009CC377 /* XCRemoteSwiftPackageReference "OpenAIKit" */ = {
			isa = XCRemoteSwiftPackageReference;
			repositoryURL = "https://github.com/OpenDive/OpenAIKit";
			requirement = {
				kind = upToNextMajorVersion;
				minimumVersion = 2.0.1;
			};
		};
/* End XCRemoteSwiftPackageReference section */

/* Begin XCSwiftPackageProductDependency section */
		F6173F972C7CCB55009CC377 /* OpenAIKit */ = {
			isa = XCSwiftPackageProductDependency;
			package = F6173F962C7CCB55009CC377 /* XCRemoteSwiftPackageReference "OpenAIKit" */;
			productName = OpenAIKit;
		};
/* End XCSwiftPackageProductDependency section */
	};
	rootObject = F61B641F2C544398007BFE68 /* Project object */;
}
